
Microsoft Visual Studio Solution File, Format Version 12.00
# Visual Studio Version 16
VisualStudioVersion = 16.0.29920.165
MinimumVisualStudioVersion = 10.0.40219.1
Project("{FAE04EC0-301F-11D3-BF4B-00C04F79EFBC}") = "NetworkStream_Thread_1", "NetworkStream_Thread_1\NetworkStream_Thread_1.csproj", "{5786E607-0245-490A-B999-F998D7DAA4DA}"
EndProject
Project("{FAE04EC0-301F-11D3-BF4B-00C04F79EFBC}") = "Client", "Client\Client.csproj", "{7BBB0A11-7FB4-4F0B-87C4-3D6F805C88BA}"
EndProject
Global
	GlobalSection(SolutionConfigurationPlatforms) = preSolution
		Debug|Any CPU = Debug|Any CPU
		Release|Any CPU = Release|Any CPU
	EndGlobalSection
	GlobalSection(ProjectConfigurationPlatforms) = postSolution
		{5786E607-0245-490A-B999-F998D7DAA4DA}.Debug|Any CPU.ActiveCfg = Debug|Any CPU
		{5786E607-0245-490A-B999-F998D7DAA4DA}.Debug|Any CPU.Build.0 = Debug|Any CPU
		{5786E607-0245-490A-B999-F998D7DAA4DA}.Release|Any CPU.ActiveCfg = Release|Any CPU
		{5786E607-0245-490A-B999-F998D7DAA4DA}.Release|Any CPU.Build.0 = Release|Any CPU
		{7BBB0A11-7FB4-4F0B-87C4-3D6F805C88BA}.Debug|Any CPU.ActiveCfg = Debug|Any CPU
		{7BBB0A11-7FB4-4F0B-87C4-3D6F805C88BA}.Debug|Any CPU.Build.0 = Debug|Any CPU
		{7BBB0A11-7FB4-4F0B-87C4-3D6F805C88BA}.Release|Any CPU.ActiveCfg = Release|Any CPU
		{7BBB0A11-7FB4-4F0B-87C4-3D6F805C88BA}.Release|Any CPU.Build.0 = Release|Any CPU
	EndGlobalSection
	GlobalSection(SolutionProperties) = preSolution
		HideSolutionNode = FALSE
	EndGlobalSection
	GlobalSection(ExtensibilityGlobals) = postSolution
		SolutionGuid = {1D80FA1B-BC77-4A6C-96A4-17B987DE85AB}
	EndGlobalSection
EndGlobal
